{
  "version": 4,
  "terraform_version": "0.15.3",
  "serial": 3,
  "lineage": "2bbd76f7-6807-97f3-da39-d574d1413049",
  "outputs": {
    "cluster-location": {
      "value": "us-central1-a",
      "type": "string"
    },
    "cluster-name": {
      "value": "my-app-cluster",
      "type": "string"
    }
  },
  "resources": [
    {
      "mode": "data",
      "type": "google_client_config",
      "name": "default",
      "provider": "provider[\"registry.terraform.io/hashicorp/google\"]",
      "instances": [
        {
          "schema_version": 0,
          "attributes": {
            "access_token": "ya29.a0AfH6SMDMW-zozm0SIVyyZYEiyCf3sGG7Qpe7GNaMwblkL0JCDfXDRkNg4eTNuH1xjWatFqKb6aVao74BPxkw0_Por6SY349GzERi6Hg4_821MpvW6FVxVH7xNG-XQqflrTMe4c4ZxYJidFbvwo7mg6XA1RC7OvsWHkpgDZMtNFYRm1GrUEpadlGifeOvyL-uZQIuRb7pI21HMLlzLWJJ_uUT4Og6VU6ymwKS9dEwQJsEcFaDzmTHENOjbQggLUDg_Yu6rlg",
            "id": "projects/verdant-future-314707/regions/us-central1/zones/us-central1-a",
            "project": "verdant-future-314707",
            "region": "us-central1",
            "zone": "us-central1-a"
          },
          "sensitive_attributes": []
        }
      ]
    },
    {
      "mode": "managed",
      "type": "google_container_cluster",
      "name": "gke-cluster",
      "provider": "provider[\"registry.terraform.io/hashicorp/google\"]",
      "instances": [
        {
          "schema_version": 1,
          "attributes": {
            "addons_config": [
              {
                "cloudrun_config": [],
                "horizontal_pod_autoscaling": [],
                "http_load_balancing": [],
                "network_policy_config": [
                  {
                    "disabled": true
                  }
                ]
              }
            ],
            "authenticator_groups_config": [],
            "cluster_autoscaling": [
              {
                "auto_provisioning_defaults": [],
                "enabled": false,
                "resource_limits": []
              }
            ],
            "cluster_ipv4_cidr": "10.0.0.0/14",
            "database_encryption": [
              {
                "key_name": "",
                "state": "DECRYPTED"
              }
            ],
            "datapath_provider": "",
            "default_max_pods_per_node": null,
            "default_snat_status": [
              {
                "disabled": false
              }
            ],
            "description": "",
            "enable_autopilot": false,
            "enable_binary_authorization": false,
            "enable_intranode_visibility": false,
            "enable_kubernetes_alpha": false,
            "enable_legacy_abac": false,
            "enable_shielded_nodes": false,
            "enable_tpu": false,
            "endpoint": "34.134.240.58",
            "id": "projects/verdant-future-314707/locations/us-central1-a/clusters/my-app-cluster",
            "initial_node_count": 3,
            "instance_group_urls": [
              "https://www.googleapis.com/compute/v1/projects/verdant-future-314707/zones/us-central1-a/instanceGroups/gke-my-app-cluster-default-pool-2c03650e-grp"
            ],
            "ip_allocation_policy": [],
            "label_fingerprint": "a9dc16a7",
            "location": "us-central1-a",
            "logging_service": "logging.googleapis.com/kubernetes",
            "maintenance_policy": [],
            "master_auth": [
              {
                "client_certificate": "",
                "client_certificate_config": [
                  {
                    "issue_client_certificate": false
                  }
                ],
                "client_key": "",
                "cluster_ca_certificate": "LS0tLS1CRUdJTiBDRVJUSUZJQ0FURS0tLS0tCk1JSURLekNDQWhPZ0F3SUJBZ0lSQUxHUFEwV3JieDM4Wk83dGZaZDZGSGt3RFFZSktvWklodmNOQVFFTEJRQXcKTHpFdE1Dc0dBMVVFQXhNa01UZzJaV014WWpBdE9EWTFOQzAwTURBMExUazRPREF0Wm1FMk1Ea3pNak5qWWpFeApNQjRYRFRJeE1EVXlOakV4TURReU1sb1hEVEkyTURVeU5URXlNRFF5TWxvd0x6RXRNQ3NHQTFVRUF4TWtNVGcyClpXTXhZakF0T0RZMU5DMDBNREEwTFRrNE9EQXRabUUyTURrek1qTmpZakV4TUlJQklqQU5CZ2txaGtpRzl3MEIKQVFFRkFBT0NBUThBTUlJQkNnS0NBUUVBMW9DdStnY0MzM0UrVlJFUk5xQkR3Mll6SVlPeUlNV0FKbU5OTmRrVQpEZWEvTkVBbFdPcDQ4RWxyRXo3S09mNmJOdlpLMHpiS1ByS2pPK3RaRkQ0TVlRY0F6Qlc5VjVjTW9Xc2s2RTE0Ck9pSVN2UHJ6MHJkK093ejM3SjBDQ1RnVWFCdUZmY0tXUk93eU1melJqU3Q1Zyt6VVkvSjFtN0hJcFNtTVpRc2UKL2kyQWdVRVpEZWIrQzNTMGg0RG9YUCs2YXVBajN6dVhuNENPSUNUZEJJRS9LNFlJN0JSVFI1QzB2QlVEckFkNgpqR1BMd0ZSRGQyMzlUSmloT2xCTnZMeFFEb2JjSHphazR6S21FMllxRytCbTZ2U1N5czlVYXFJaDdjUC9YUkxhCm5tQVhWdTZwQ3JXdmdYL05ETnZheXkwUmVlYjdTeklmWkhjMW95cGZLTUN1dHdJREFRQUJvMEl3UURBT0JnTlYKSFE4QkFmOEVCQU1DQWdRd0R3WURWUjBUQVFIL0JBVXdBd0VCL3pBZEJnTlZIUTRFRmdRVVlpRUs0RjFkRUlNOApHQTJlaGpvYWtaS3ArSGd3RFFZSktvWklodmNOQVFFTEJRQURnZ0VCQUZvYUR0bHQvMTJua0NFY1VXTFRydkE2ClJzTWNITUJUTVhMTG9Wak1YYTlDbXh5cjdRWVZ2Q0dDT0gxcndOclJMT0tHMEpFVmRsbWxjR1pmdkNUN1FYeTkKTzdic1hEaEdkUjBodG1zU0IxRWVvMG1SR3oyU2cza0hxZ0NPMFJiT0tXc2tzN0dFSWJVUE5ZWGlQWGhRVmhRego3YVV3SmdlVUFuMi93b3BTUkV5NlZoWS9lSnlIWkN4bExaUHNYMVU3THFSUExndmc3ME1rdy9MekNCMnR2RUw2CngrR3JuMk5tbGlxb04xK0pjOUNtdTd2RGsvempIdGszakNjSm15Wng0TlpFSEVKdldZNy81YWEzL1BCRUdyT08KYkNtdWgyUmhvTDVuYkZFdVVNTWErMFIxSHRMVFltQldOeGRwc0tyNWt0Nkt6cEorSU9HNWdZdXlkR0NnODE4PQotLS0tLUVORCBDRVJUSUZJQ0FURS0tLS0tCg==",
                "password": "",
                "username": ""
              }
            ],
            "master_authorized_networks_config": [],
            "master_version": "1.19.9-gke.1400",
            "min_master_version": null,
            "monitoring_service": "monitoring.googleapis.com/kubernetes",
            "name": "my-app-cluster",
            "network": "projects/verdant-future-314707/global/networks/default",
            "network_policy": [
              {
                "enabled": false,
                "provider": "PROVIDER_UNSPECIFIED"
              }
            ],
            "networking_mode": "ROUTES",
            "node_config": [
              {
                "disk_size_gb": 100,
                "disk_type": "pd-standard",
                "guest_accelerator": [],
                "image_type": "COS_CONTAINERD",
                "labels": {},
                "local_ssd_count": 0,
                "machine_type": "n1-standard-1",
                "metadata": {
                  "disable-legacy-endpoints": "true"
                },
                "min_cpu_platform": "",
                "oauth_scopes": [
                  "https://www.googleapis.com/auth/logging.write",
                  "https://www.googleapis.com/auth/monitoring"
                ],
                "preemptible": true,
                "service_account": "default",
                "shielded_instance_config": [
                  {
                    "enable_integrity_monitoring": true,
                    "enable_secure_boot": false
                  }
                ],
                "tags": null,
                "taint": [],
                "workload_metadata_config": []
              }
            ],
            "node_locations": [],
            "node_pool": [
              {
                "autoscaling": [],
                "initial_node_count": 3,
                "instance_group_urls": [
                  "https://www.googleapis.com/compute/v1/projects/verdant-future-314707/zones/us-central1-a/instanceGroupManagers/gke-my-app-cluster-default-pool-2c03650e-grp"
                ],
                "management": [
                  {
                    "auto_repair": true,
                    "auto_upgrade": true
                  }
                ],
                "max_pods_per_node": 0,
                "name": "default-pool",
                "name_prefix": "",
                "node_config": [
                  {
                    "disk_size_gb": 100,
                    "disk_type": "pd-standard",
                    "guest_accelerator": [],
                    "image_type": "COS_CONTAINERD",
                    "labels": {},
                    "local_ssd_count": 0,
                    "machine_type": "n1-standard-1",
                    "metadata": {
                      "disable-legacy-endpoints": "true"
                    },
                    "min_cpu_platform": "",
                    "oauth_scopes": [
                      "https://www.googleapis.com/auth/logging.write",
                      "https://www.googleapis.com/auth/monitoring"
                    ],
                    "preemptible": true,
                    "service_account": "default",
                    "shielded_instance_config": [
                      {
                        "enable_integrity_monitoring": true,
                        "enable_secure_boot": false
                      }
                    ],
                    "tags": [],
                    "taint": [],
                    "workload_metadata_config": []
                  }
                ],
                "node_count": 3,
                "node_locations": [
                  "us-central1-a"
                ],
                "upgrade_settings": [
                  {
                    "max_surge": 1,
                    "max_unavailable": 0
                  }
                ],
                "version": "1.19.9-gke.1400"
              }
            ],
            "node_version": "1.19.9-gke.1400",
            "operation": null,
            "pod_security_policy_config": [],
            "private_cluster_config": [],
            "private_ipv6_google_access": "",
            "project": "verdant-future-314707",
            "release_channel": [
              {
                "channel": "REGULAR"
              }
            ],
            "remove_default_node_pool": null,
            "resource_labels": null,
            "resource_usage_export_config": [],
            "self_link": "https://container.googleapis.com/v1beta1/projects/verdant-future-314707/zones/us-central1-a/clusters/my-app-cluster",
            "services_ipv4_cidr": "10.3.240.0/20",
            "subnetwork": "projects/verdant-future-314707/regions/us-central1/subnetworks/default",
            "timeouts": null,
            "tpu_ipv4_cidr_block": "",
            "vertical_pod_autoscaling": [],
            "workload_identity_config": []
          },
          "sensitive_attributes": [],
          "private": "eyJlMmJmYjczMC1lY2FhLTExZTYtOGY4OC0zNDM2M2JjN2M0YzAiOnsiY3JlYXRlIjoyNDAwMDAwMDAwMDAwLCJkZWxldGUiOjI0MDAwMDAwMDAwMDAsInJlYWQiOjI0MDAwMDAwMDAwMDAsInVwZGF0ZSI6MzYwMDAwMDAwMDAwMH0sInNjaGVtYV92ZXJzaW9uIjoiMSJ9"
        }
      ]
    }
  ]
}
